{
  "name": "ui",
  "version": "1.0.0",
  "lockfileVersion": 3,
  "requires": true,
  "packages": {
    "": {
      "name": "ui",
      "version": "1.0.0",
      "license": "ISC",
      "dependencies": {
        "shablon": "^0.0.1-rc.24"
      }
    },
    "node_modules/shablon": {
      "version": "0.0.1-rc.24",
      "resolved": "https://registry.npmjs.org/shablon/-/shablon-0.0.1-rc.24.tgz",
      "integrity": "sha512-c1SYbxTPUnqIyP+huRBGDBxK8KOmMlL4PC+W1fWdzelMtaf0Qp5oMndyft/Sid8/Bq3amdP49fjYj0URkosmLw==",
      "license": "MIT"
    }
  }
}
